
Microsoft Visual Studio Solution File, Format Version 12.00
# Visual Studio Version 16
VisualStudioVersion = 16.0.31515.178
MinimumVisualStudioVersion = 10.0.40219.1
Project("{888888A0-9F3D-457C-B088-3A5042F75D52}") = "StringsAndDatess", "StringsAndDatess.pyproj", "{47DAFDBF-1A61-4144-ACD7-6D31B055570B}"
EndProject
Global
	GlobalSection(SolutionConfigurationPlatforms) = preSolution
		Debug|Any CPU = Debug|Any CPU
		Release|Any CPU = Release|Any CPU
	EndGlobalSection
	GlobalSection(ProjectConfigurationPlatforms) = postSolution
		{47DAFDBF-1A61-4144-ACD7-6D31B055570B}.Debug|Any CPU.ActiveCfg = Debug|Any CPU
		{47DAFDBF-1A61-4144-ACD7-6D31B055570B}.Release|Any CPU.ActiveCfg = Release|Any CPU
	EndGlobalSection
	GlobalSection(SolutionProperties) = preSolution
		HideSolutionNode = FALSE
	EndGlobalSection
	GlobalSection(ExtensibilityGlobals) = postSolution
		SolutionGuid = {2EA25EE5-0D32-4D0F-B45F-627D9EF4E20D}
	EndGlobalSection
EndGlobal
